
Microsoft Visual Studio Solution File, Format Version 12.00
# Visual Studio Version 17
VisualStudioVersion = 17.7.34024.191
MinimumVisualStudioVersion = 10.0.40219.1
Project("{9A19103F-16F7-4668-BE54-9A1E7A4F7556}") = "Animal", "Animales\Animal.csproj", "{A3F09210-EB7A-4B21-9B0F-672286F50EC3}"
EndProject
Project("{9A19103F-16F7-4668-BE54-9A1E7A4F7556}") = "CrudVeterinaria", "crud\CrudVeterinaria.csproj", "{19685317-8E1F-4E56-9445-7C633A67C7E8}"
EndProject
Project("{FAE04EC0-301F-11D3-BF4B-00C04F79EFBC}") = "Prueba", "Prueba\Prueba.csproj", "{CC2557A4-E632-4992-8BD4-D352C7096F1E}"
EndProject
Global
	GlobalSection(SolutionConfigurationPlatforms) = preSolution
		Debug|Any CPU = Debug|Any CPU
		Release|Any CPU = Release|Any CPU
	EndGlobalSection
	GlobalSection(ProjectConfigurationPlatforms) = postSolution
		{A3F09210-EB7A-4B21-9B0F-672286F50EC3}.Debug|Any CPU.ActiveCfg = Debug|Any CPU
		{A3F09210-EB7A-4B21-9B0F-672286F50EC3}.Debug|Any CPU.Build.0 = Debug|Any CPU
		{A3F09210-EB7A-4B21-9B0F-672286F50EC3}.Release|Any CPU.ActiveCfg = Release|Any CPU
		{A3F09210-EB7A-4B21-9B0F-672286F50EC3}.Release|Any CPU.Build.0 = Release|Any CPU
		{19685317-8E1F-4E56-9445-7C633A67C7E8}.Debug|Any CPU.ActiveCfg = Debug|Any CPU
		{19685317-8E1F-4E56-9445-7C633A67C7E8}.Debug|Any CPU.Build.0 = Debug|Any CPU
		{19685317-8E1F-4E56-9445-7C633A67C7E8}.Release|Any CPU.ActiveCfg = Release|Any CPU
		{19685317-8E1F-4E56-9445-7C633A67C7E8}.Release|Any CPU.Build.0 = Release|Any CPU
		{CC2557A4-E632-4992-8BD4-D352C7096F1E}.Debug|Any CPU.ActiveCfg = Debug|Any CPU
		{CC2557A4-E632-4992-8BD4-D352C7096F1E}.Debug|Any CPU.Build.0 = Debug|Any CPU
		{CC2557A4-E632-4992-8BD4-D352C7096F1E}.Release|Any CPU.ActiveCfg = Release|Any CPU
		{CC2557A4-E632-4992-8BD4-D352C7096F1E}.Release|Any CPU.Build.0 = Release|Any CPU
	EndGlobalSection
	GlobalSection(SolutionProperties) = preSolution
		HideSolutionNode = FALSE
	EndGlobalSection
	GlobalSection(ExtensibilityGlobals) = postSolution
		SolutionGuid = {57FD4602-35FE-4AB7-AD18-BDBE1BB34388}
	EndGlobalSection
EndGlobal
